{
    "_meta": {
        "hash": {
            "sha256": "b5d31d4939ce0dfc195939fa110dd6609ece9f590dbeceffc02c81dfae1c83cd"
        },
        "pipfile-spec": 6,
        "requires": {
            "python_version": "3.10"
        },
        "sources": [
            {
                "name": "pip_conf_index_global",
                "url": "https://svc-ins-rpug:cmVmdGtuOjAxOjAwMDAwMDAwMDA6U2NaQTVJRjFKRlV2amNQY3dRVzdqdEZWVUNN@artifactory.cloud.statcan.ca/artifactory/api/pypi/pypi-remote/simple",
                "verify_ssl": true
            }
        ]
    },
    "default": {},
    "develop": {}
}
